
Microsoft Visual Studio Solution File, Format Version 12.00
# Visual Studio Version 16
VisualStudioVersion = 16.0.28711.60
MinimumVisualStudioVersion = 10.0.40219.1
Project("{6EC3EE1D-3C4E-46DD-8F32-0CC8E7565705}") = "TeamOpenTasks", "TeamOpenTasks.Draft\TeamOpenTasks.fsproj", "{790E95E2-1298-4FA1-94F3-DF18687FD11C}"
EndProject
Project("{F2A71F9B-5D33-465A-A702-920D77279786}") = "TeamOpenTasks.WebApi", "TeamOpenTasks.WebApi\TeamOpenTasks.WebApi.fsproj", "{7D71B860-CD54-4BE3-88B2-E50C56033F6A}"
EndProject
Global
	GlobalSection(SolutionConfigurationPlatforms) = preSolution
		Debug|Any CPU = Debug|Any CPU
		Release|Any CPU = Release|Any CPU
	EndGlobalSection
	GlobalSection(ProjectConfigurationPlatforms) = postSolution
		{790E95E2-1298-4FA1-94F3-DF18687FD11C}.Debug|Any CPU.ActiveCfg = Debug|Any CPU
		{790E95E2-1298-4FA1-94F3-DF18687FD11C}.Debug|Any CPU.Build.0 = Debug|Any CPU
		{790E95E2-1298-4FA1-94F3-DF18687FD11C}.Release|Any CPU.ActiveCfg = Release|Any CPU
		{790E95E2-1298-4FA1-94F3-DF18687FD11C}.Release|Any CPU.Build.0 = Release|Any CPU
		{7D71B860-CD54-4BE3-88B2-E50C56033F6A}.Debug|Any CPU.ActiveCfg = Debug|Any CPU
		{7D71B860-CD54-4BE3-88B2-E50C56033F6A}.Debug|Any CPU.Build.0 = Debug|Any CPU
		{7D71B860-CD54-4BE3-88B2-E50C56033F6A}.Release|Any CPU.ActiveCfg = Release|Any CPU
		{7D71B860-CD54-4BE3-88B2-E50C56033F6A}.Release|Any CPU.Build.0 = Release|Any CPU
	EndGlobalSection
	GlobalSection(SolutionProperties) = preSolution
		HideSolutionNode = FALSE
	EndGlobalSection
	GlobalSection(ExtensibilityGlobals) = postSolution
		SolutionGuid = {3BCB3EE4-2B3E-46D7-BF0F-388B93711186}
	EndGlobalSection
EndGlobal
